
Microsoft Visual Studio Solution File, Format Version 12.00
Project("{FAE04EC0-301F-11D3-BF4B-00C04F79EFBC}") = "Palfinger.ProductManual.Api", "src\Palfinger.ProductManual.Api\Palfinger.ProductManual.Api.csproj", "{9C7F9F31-0D5E-4FDC-8D65-64E7A4A5B6D7}"
EndProject
Project("{FAE04EC0-301F-11D3-BF4B-00C04F79EFBC}") = "Palfinger.ProductManual.Tests", "test\Palfinger.ProductManual.Tests\Palfinger.ProductManual.Tests.csproj", "{3605C7AE-CBCD-4BBD-BD88-F4D98C322F28}"
EndProject
Project("{FAE04EC0-301F-11D3-BF4B-00C04F79EFBC}") = "Palfinger.ProductManual.Infrastructure.Data", "src\Palfinger.ProductManual.Infrastructure.Data\Palfinger.ProductManual.Infrastructure.Data.csproj", "{F7DAD44C-FFC2-446F-898B-EEB02D89F5A7}"
EndProject
Project("{FAE04EC0-301F-11D3-BF4B-00C04F79EFBC}") = "Palfinger.ProductManual.Domain", "src\Palfinger.ProductManual.Domain\Palfinger.ProductManual.Domain.csproj", "{22A319D4-E258-4E84-86ED-B9C5D0E9A74A}"
EndProject
Project("{FAE04EC0-301F-11D3-BF4B-00C04F79EFBC}") = "Palfinger.ProductManual.Queries", "src\Palfinger.ProductManual.Queries\Palfinger.ProductManual.Queries.csproj", "{F35FAAE3-C0D9-40CD-BC88-3A3235049C19}"
EndProject
Global
	GlobalSection(SolutionConfigurationPlatforms) = preSolution
		Debug|Any CPU = Debug|Any CPU
		Release|Any CPU = Release|Any CPU
	EndGlobalSection
	GlobalSection(ProjectConfigurationPlatforms) = postSolution
		{9C7F9F31-0D5E-4FDC-8D65-64E7A4A5B6D7}.Debug|Any CPU.ActiveCfg = Debug|Any CPU
		{9C7F9F31-0D5E-4FDC-8D65-64E7A4A5B6D7}.Debug|Any CPU.Build.0 = Debug|Any CPU
		{9C7F9F31-0D5E-4FDC-8D65-64E7A4A5B6D7}.Release|Any CPU.ActiveCfg = Release|Any CPU
		{9C7F9F31-0D5E-4FDC-8D65-64E7A4A5B6D7}.Release|Any CPU.Build.0 = Release|Any CPU
		{3605C7AE-CBCD-4BBD-BD88-F4D98C322F28}.Debug|Any CPU.ActiveCfg = Debug|Any CPU
		{3605C7AE-CBCD-4BBD-BD88-F4D98C322F28}.Debug|Any CPU.Build.0 = Debug|Any CPU
		{3605C7AE-CBCD-4BBD-BD88-F4D98C322F28}.Release|Any CPU.ActiveCfg = Release|Any CPU
		{3605C7AE-CBCD-4BBD-BD88-F4D98C322F28}.Release|Any CPU.Build.0 = Release|Any CPU
		{F7DAD44C-FFC2-446F-898B-EEB02D89F5A7}.Debug|Any CPU.ActiveCfg = Debug|Any CPU
		{F7DAD44C-FFC2-446F-898B-EEB02D89F5A7}.Debug|Any CPU.Build.0 = Debug|Any CPU
		{F7DAD44C-FFC2-446F-898B-EEB02D89F5A7}.Release|Any CPU.ActiveCfg = Release|Any CPU
		{F7DAD44C-FFC2-446F-898B-EEB02D89F5A7}.Release|Any CPU.Build.0 = Release|Any CPU
		{22A319D4-E258-4E84-86ED-B9C5D0E9A74A}.Debug|Any CPU.ActiveCfg = Debug|Any CPU
		{22A319D4-E258-4E84-86ED-B9C5D0E9A74A}.Debug|Any CPU.Build.0 = Debug|Any CPU
		{22A319D4-E258-4E84-86ED-B9C5D0E9A74A}.Release|Any CPU.ActiveCfg = Release|Any CPU
		{22A319D4-E258-4E84-86ED-B9C5D0E9A74A}.Release|Any CPU.Build.0 = Release|Any CPU
		{F35FAAE3-C0D9-40CD-BC88-3A3235049C19}.Debug|Any CPU.ActiveCfg = Debug|Any CPU
		{F35FAAE3-C0D9-40CD-BC88-3A3235049C19}.Debug|Any CPU.Build.0 = Debug|Any CPU
		{F35FAAE3-C0D9-40CD-BC88-3A3235049C19}.Release|Any CPU.ActiveCfg = Release|Any CPU
		{F35FAAE3-C0D9-40CD-BC88-3A3235049C19}.Release|Any CPU.Build.0 = Release|Any CPU
	EndGlobalSection
EndGlobal
